
Microsoft Visual Studio Solution File, Format Version 12.00
# Visual Studio Version 17
VisualStudioVersion = 17.6.33829.357
MinimumVisualStudioVersion = 10.0.40219.1
Project("{FAE04EC0-301F-11D3-BF4B-00C04F79EFBC}") = "AdvancedRegularExam", "AdvancedRegularExam\AdvancedRegularExam.csproj", "{502A459B-F604-4A7B-8050-3A5ED7A427B6}"
EndProject
Project("{FAE04EC0-301F-11D3-BF4B-00C04F79EFBC}") = "ClearSkies", "ClearSkies\ClearSkies.csproj", "{9AF93059-2B54-471C-AD7F-9C923C27CABD}"
EndProject
Global
	GlobalSection(SolutionConfigurationPlatforms) = preSolution
		Debug|Any CPU = Debug|Any CPU
		Release|Any CPU = Release|Any CPU
	EndGlobalSection
	GlobalSection(ProjectConfigurationPlatforms) = postSolution
		{502A459B-F604-4A7B-8050-3A5ED7A427B6}.Debug|Any CPU.ActiveCfg = Debug|Any CPU
		{502A459B-F604-4A7B-8050-3A5ED7A427B6}.Debug|Any CPU.Build.0 = Debug|Any CPU
		{502A459B-F604-4A7B-8050-3A5ED7A427B6}.Release|Any CPU.ActiveCfg = Release|Any CPU
		{502A459B-F604-4A7B-8050-3A5ED7A427B6}.Release|Any CPU.Build.0 = Release|Any CPU
		{9AF93059-2B54-471C-AD7F-9C923C27CABD}.Debug|Any CPU.ActiveCfg = Debug|Any CPU
		{9AF93059-2B54-471C-AD7F-9C923C27CABD}.Debug|Any CPU.Build.0 = Debug|Any CPU
		{9AF93059-2B54-471C-AD7F-9C923C27CABD}.Release|Any CPU.ActiveCfg = Release|Any CPU
		{9AF93059-2B54-471C-AD7F-9C923C27CABD}.Release|Any CPU.Build.0 = Release|Any CPU
	EndGlobalSection
	GlobalSection(SolutionProperties) = preSolution
		HideSolutionNode = FALSE
	EndGlobalSection
	GlobalSection(ExtensibilityGlobals) = postSolution
		SolutionGuid = {F111D37E-F54B-4942-8880-10851CFFB243}
	EndGlobalSection
EndGlobal
